// !$*UTF8*$!
{
	archiveVersion = 1;
	classes = {
	};
	objectVersion = 46;
	objects = {

/* Begin PBXBuildFile section */
		681838C51BC8619C0063910E /* SweetAlert.swift in Sources */ = {isa = PBXBuildFile; fileRef = 681838C41BC8619C0063910E /* SweetAlert.swift */; settings = {ASSET_TAGS = (); }; };
		68609DEB1BC72B15004ADF65 /* HomeCell.swift in Sources */ = {isa = PBXBuildFile; fileRef = 68609DEA1BC72B15004ADF65 /* HomeCell.swift */; settings = {ASSET_TAGS = (); }; };
		68609DEE1BC75367004ADF65 /* PayViewController.swift in Sources */ = {isa = PBXBuildFile; fileRef = 68609DED1BC75367004ADF65 /* PayViewController.swift */; settings = {ASSET_TAGS = (); }; };
		6868350F1BC5DF7E005FBC96 /* HomeViewController.swift in Sources */ = {isa = PBXBuildFile; fileRef = 6868350E1BC5DF7E005FBC96 /* HomeViewController.swift */; settings = {ASSET_TAGS = (); }; };
		68697B2E1BC5C0EE00DEA9C6 /* SignUpViewController.swift in Sources */ = {isa = PBXBuildFile; fileRef = 68697B2D1BC5C0EE00DEA9C6 /* SignUpViewController.swift */; settings = {ASSET_TAGS = (); }; };
		6892A6A21BC762FE00C3FEC6 /* ZFRippleButton.swift in Sources */ = {isa = PBXBuildFile; fileRef = 6892A6A11BC762FE00C3FEC6 /* ZFRippleButton.swift */; settings = {ASSET_TAGS = (); }; };
		68A868111BC5E1030094E918 /* LaunchScreen.xib in Resources */ = {isa = PBXBuildFile; fileRef = 68A8680F1BC5E1030094E918 /* LaunchScreen.xib */; settings = {ASSET_TAGS = (); }; };
		68A868121BC5E1030094E918 /* Main.storyboard in Resources */ = {isa = PBXBuildFile; fileRef = 68A868101BC5E1030094E918 /* Main.storyboard */; settings = {ASSET_TAGS = (); }; };
		68AFFB611BC591F700901C46 /* AppDelegate.swift in Sources */ = {isa = PBXBuildFile; fileRef = 68AFFB601BC591F700901C46 /* AppDelegate.swift */; };
		68AFFB681BC591F700901C46 /* Images.xcassets in Resources */ = {isa = PBXBuildFile; fileRef = 68AFFB671BC591F700901C46 /* Images.xcassets */; };
		68AFFB771BC591F800901C46 /* Get_PizzaTests.swift in Sources */ = {isa = PBXBuildFile; fileRef = 68AFFB761BC591F800901C46 /* Get_PizzaTests.swift */; };
		68AFFB811BC592E200901C46 /* LoginViewController.swift in Sources */ = {isa = PBXBuildFile; fileRef = 68AFFB801BC592E200901C46 /* LoginViewController.swift */; };
		68FC269F1BC59BF00095361F /* CustomButtonOrView.swift in Sources */ = {isa = PBXBuildFile; fileRef = 68FC269E1BC59BF00095361F /* CustomButtonOrView.swift */; };
		CC2CEBBD19A473BD6681AA61 /* Pods.framework in Frameworks */ = {isa = PBXBuildFile; fileRef = 334C1BF8D1F444BCE87CDAE7 /* Pods.framework */; settings = {ATTRIBUTES = (Weak, ); }; };
/* End PBXBuildFile section */

/* Begin PBXContainerItemProxy section */
		68AFFB711BC591F800901C46 /* PBXContainerItemProxy */ = {
			isa = PBXContainerItemProxy;
			containerPortal = 68AFFB531BC591F700901C46 /* Project object */;
			proxyType = 1;
			remoteGlobalIDString = 68AFFB5A1BC591F700901C46;
			remoteInfo = Get_Pizza;
		};
/* End PBXContainerItemProxy section */

/* Begin PBXFileReference section */
		334C1BF8D1F444BCE87CDAE7 /* Pods.framework */ = {isa = PBXFileReference; explicitFileType = wrapper.framework; includeInIndex = 0; path = Pods.framework; sourceTree = BUILT_PRODUCTS_DIR; };
		68000A5B157CA4AE4F9279AD /* Pods.debug.xcconfig */ = {isa = PBXFileReference; includeInIndex = 1; lastKnownFileType = text.xcconfig; name = Pods.debug.xcconfig; path = "Pods/Target Support Files/Pods/Pods.debug.xcconfig"; sourceTree = "<group>"; };
		681838C41BC8619C0063910E /* SweetAlert.swift */ = {isa = PBXFileReference; fileEncoding = 4; lastKnownFileType = sourcecode.swift; path = SweetAlert.swift; sourceTree = "<group>"; };
		68609DEA1BC72B15004ADF65 /* HomeCell.swift */ = {isa = PBXFileReference; fileEncoding = 4; lastKnownFileType = sourcecode.swift; path = HomeCell.swift; sourceTree = "<group>"; };
		68609DEC1BC72D7D004ADF65 /* Header.h */ = {isa = PBXFileReference; lastKnownFileType = sourcecode.c.h; path = Header.h; sourceTree = "<group>"; };
		68609DED1BC75367004ADF65 /* PayViewController.swift */ = {isa = PBXFileReference; fileEncoding = 4; lastKnownFileType = sourcecode.swift; path = PayViewController.swift; sourceTree = "<group>"; };
		6868350E1BC5DF7E005FBC96 /* HomeViewController.swift */ = {isa = PBXFileReference; fileEncoding = 4; lastKnownFileType = sourcecode.swift; path = HomeViewController.swift; sourceTree = "<group>"; };
		68697B2D1BC5C0EE00DEA9C6 /* SignUpViewController.swift */ = {isa = PBXFileReference; fileEncoding = 4; lastKnownFileType = sourcecode.swift; path = SignUpViewController.swift; sourceTree = "<group>"; };
		6892A6A11BC762FE00C3FEC6 /* ZFRippleButton.swift */ = {isa = PBXFileReference; fileEncoding = 4; lastKnownFileType = sourcecode.swift; name = ZFRippleButton.swift; path = ../ViewControllers/ZFRippleButton.swift; sourceTree = "<group>"; };
		68A8680F1BC5E1030094E918 /* LaunchScreen.xib */ = {isa = PBXFileReference; fileEncoding = 4; lastKnownFileType = file.xib; path = LaunchScreen.xib; sourceTree = "<group>"; };
		68A868101BC5E1030094E918 /* Main.storyboard */ = {isa = PBXFileReference; fileEncoding = 4; lastKnownFileType = file.storyboard; path = Main.storyboard; sourceTree = "<group>"; };
		68AFFB5B1BC591F700901C46 /* Get_Pizza.app */ = {isa = PBXFileReference; explicitFileType = wrapper.application; includeInIndex = 0; path = Get_Pizza.app; sourceTree = BUILT_PRODUCTS_DIR; };
		68AFFB5F1BC591F700901C46 /* Info.plist */ = {isa = PBXFileReference; lastKnownFileType = text.plist.xml; path = Info.plist; sourceTree = "<group>"; };
		68AFFB601BC591F700901C46 /* AppDelegate.swift */ = {isa = PBXFileReference; lastKnownFileType = sourcecode.swift; path = AppDelegate.swift; sourceTree = "<group>"; };
		68AFFB671BC591F700901C46 /* Images.xcassets */ = {isa = PBXFileReference; lastKnownFileType = folder.assetcatalog; path = Images.xcassets; sourceTree = "<group>"; };
		68AFFB701BC591F800901C46 /* Get_PizzaTests.xctest */ = {isa = PBXFileReference; explicitFileType = wrapper.cfbundle; includeInIndex = 0; path = Get_PizzaTests.xctest; sourceTree = BUILT_PRODUCTS_DIR; };
		68AFFB751BC591F800901C46 /* Info.plist */ = {isa = PBXFileReference; lastKnownFileType = text.plist.xml; path = Info.plist; sourceTree = "<group>"; };
		68AFFB761BC591F800901C46 /* Get_PizzaTests.swift */ = {isa = PBXFileReference; lastKnownFileType = sourcecode.swift; path = Get_PizzaTests.swift; sourceTree = "<group>"; };
		68AFFB801BC592E200901C46 /* LoginViewController.swift */ = {isa = PBXFileReference; fileEncoding = 4; lastKnownFileType = sourcecode.swift; path = LoginViewController.swift; sourceTree = "<group>"; };
		68FC269E1BC59BF00095361F /* CustomButtonOrView.swift */ = {isa = PBXFileReference; fileEncoding = 4; lastKnownFileType = sourcecode.swift; path = CustomButtonOrView.swift; sourceTree = "<group>"; };
		F3C9101EF1F68A4ACB592A4F /* Pods.release.xcconfig */ = {isa = PBXFileReference; includeInIndex = 1; lastKnownFileType = text.xcconfig; name = Pods.release.xcconfig; path = "Pods/Target Support Files/Pods/Pods.release.xcconfig"; sourceTree = "<group>"; };
/* End PBXFileReference section */

/* Begin PBXFrameworksBuildPhase section */
		68AFFB581BC591F700901C46 /* Frameworks */ = {
			isa = PBXFrameworksBuildPhase;
			buildActionMask = 2147483647;
			files = (
				CC2CEBBD19A473BD6681AA61 /* Pods.framework in Frameworks */,
			);
			runOnlyForDeploymentPostprocessing = 0;
		};
		68AFFB6D1BC591F800901C46 /* Frameworks */ = {
			isa = PBXFrameworksBuildPhase;
			buildActionMask = 2147483647;
			files = (
			);
			runOnlyForDeploymentPostprocessing = 0;
		};
/* End PBXFrameworksBuildPhase section */

/* Begin PBXGroup section */
		01D6127BA06EF83C8AEC99A2 /* Frameworks */ = {
			isa = PBXGroup;
			children = (
				334C1BF8D1F444BCE87CDAE7 /* Pods.framework */,
			);
			name = Frameworks;
			sourceTree = "<group>";
		};
		68609DE91BC72AD1004ADF65 /* Cells */ = {
			isa = PBXGroup;
			children = (
				68609DEA1BC72B15004ADF65 /* HomeCell.swift */,
			);
			path = Cells;
			sourceTree = "<group>";
		};
		686835101BC5DFB0005FBC96 /* UI */ = {
			isa = PBXGroup;
			children = (
				68609DE91BC72AD1004ADF65 /* Cells */,
				68A8680F1BC5E1030094E918 /* LaunchScreen.xib */,
				68A868101BC5E1030094E918 /* Main.storyboard */,
				686835111BC5DFC5005FBC96 /* ViewControllres */,
				686835121BC5DFDA005FBC96 /* Custome */,
			);
			name = UI;
			path = /Users/Jonathan_Green/Documents/Get_Pizza/Get_Pizza/UI;
			sourceTree = "<absolute>";
		};
		686835111BC5DFC5005FBC96 /* ViewControllres */ = {
			isa = PBXGroup;
			children = (
				6868350E1BC5DF7E005FBC96 /* HomeViewController.swift */,
				68AFFB801BC592E200901C46 /* LoginViewController.swift */,
				68697B2D1BC5C0EE00DEA9C6 /* SignUpViewController.swift */,
				68609DED1BC75367004ADF65 /* PayViewController.swift */,
			);
			name = ViewControllres;
			path = /Users/Jonathan_Green/Documents/Get_Pizza/Get_Pizza/UI/ViewControllers;
			sourceTree = "<absolute>";
		};
		686835121BC5DFDA005FBC96 /* Custome */ = {
			isa = PBXGroup;
			children = (
				681838C41BC8619C0063910E /* SweetAlert.swift */,
				6892A6A11BC762FE00C3FEC6 /* ZFRippleButton.swift */,
				68FC269E1BC59BF00095361F /* CustomButtonOrView.swift */,
			);
			name = Custome;
			path = /Users/Jonathan_Green/Documents/Get_Pizza/Get_Pizza/UI/Custome;
			sourceTree = "<absolute>";
		};
		68AFFB521BC591F700901C46 = {
			isa = PBXGroup;
			children = (
				68609DEC1BC72D7D004ADF65 /* Header.h */,
				68AFFB5D1BC591F700901C46 /* Get_Pizza */,
				68AFFB731BC591F800901C46 /* Get_PizzaTests */,
				68AFFB5C1BC591F700901C46 /* Products */,
				A46BA99DACC3960A12A97D7D /* Pods */,
				01D6127BA06EF83C8AEC99A2 /* Frameworks */,
			);
			sourceTree = "<group>";
		};
		68AFFB5C1BC591F700901C46 /* Products */ = {
			isa = PBXGroup;
			children = (
				68AFFB5B1BC591F700901C46 /* Get_Pizza.app */,
				68AFFB701BC591F800901C46 /* Get_PizzaTests.xctest */,
			);
			name = Products;
			sourceTree = "<group>";
		};
		68AFFB5D1BC591F700901C46 /* Get_Pizza */ = {
			isa = PBXGroup;
			children = (
				68AFFB601BC591F700901C46 /* AppDelegate.swift */,
				686835101BC5DFB0005FBC96 /* UI */,
				68AFFB671BC591F700901C46 /* Images.xcassets */,
				68AFFB5E1BC591F700901C46 /* Supporting Files */,
			);
			path = Get_Pizza;
			sourceTree = "<group>";
		};
		68AFFB5E1BC591F700901C46 /* Supporting Files */ = {
			isa = PBXGroup;
			children = (
				68AFFB5F1BC591F700901C46 /* Info.plist */,
			);
			name = "Supporting Files";
			sourceTree = "<group>";
		};
		68AFFB731BC591F800901C46 /* Get_PizzaTests */ = {
			isa = PBXGroup;
			children = (
				68AFFB761BC591F800901C46 /* Get_PizzaTests.swift */,
				68AFFB741BC591F800901C46 /* Supporting Files */,
			);
			path = Get_PizzaTests;
			sourceTree = "<group>";
		};
		68AFFB741BC591F800901C46 /* Supporting Files */ = {
			isa = PBXGroup;
			children = (
				68AFFB751BC591F800901C46 /* Info.plist */,
			);
			name = "Supporting Files";
			sourceTree = "<group>";
		};
		A46BA99DACC3960A12A97D7D /* Pods */ = {
			isa = PBXGroup;
			children = (
				68000A5B157CA4AE4F9279AD /* Pods.debug.xcconfig */,
				F3C9101EF1F68A4ACB592A4F /* Pods.release.xcconfig */,
			);
			name = Pods;
			sourceTree = "<group>";
		};
/* End PBXGroup section */

/* Begin PBXNativeTarget section */
		68AFFB5A1BC591F700901C46 /* Get_Pizza */ = {
			isa = PBXNativeTarget;
			buildConfigurationList = 68AFFB7A1BC591F800901C46 /* Build configuration list for PBXNativeTarget "Get_Pizza" */;
			buildPhases = (
				96DCED3B8420A17DB7B5ED3B /* Check Pods Manifest.lock */,
				68AFFB571BC591F700901C46 /* Sources */,
				68AFFB581BC591F700901C46 /* Frameworks */,
				68AFFB591BC591F700901C46 /* Resources */,
				1F58006641CE0083023378F4 /* Embed Pods Frameworks */,
				E4336AB4687C09A045C47ABC /* Copy Pods Resources */,
			);
			buildRules = (
			);
			dependencies = (
			);
			name = Get_Pizza;
			productName = Get_Pizza;
			productReference = 68AFFB5B1BC591F700901C46 /* Get_Pizza.app */;
			productType = "com.apple.product-type.application";
		};
		68AFFB6F1BC591F800901C46 /* Get_PizzaTests */ = {
			isa = PBXNativeTarget;
			buildConfigurationList = 68AFFB7D1BC591F800901C46 /* Build configuration list for PBXNativeTarget "Get_PizzaTests" */;
			buildPhases = (
				68AFFB6C1BC591F800901C46 /* Sources */,
				68AFFB6D1BC591F800901C46 /* Frameworks */,
				68AFFB6E1BC591F800901C46 /* Resources */,
			);
			buildRules = (
			);
			dependencies = (
				68AFFB721BC591F800901C46 /* PBXTargetDependency */,
			);
			name = Get_PizzaTests;
			productName = Get_PizzaTests;
			productReference = 68AFFB701BC591F800901C46 /* Get_PizzaTests.xctest */;
			productType = "com.apple.product-type.bundle.unit-test";
		};
/* End PBXNativeTarget section */

/* Begin PBXProject section */
		68AFFB531BC591F700901C46 /* Project object */ = {
			isa = PBXProject;
			attributes = {
				LastSwiftMigration = 0700;
				LastSwiftUpdateCheck = 0700;
				LastUpgradeCheck = 0640;
				ORGANIZATIONNAME = "Jonathan Green";
				TargetAttributes = {
					68AFFB5A1BC591F700901C46 = {
						CreatedOnToolsVersion = 6.4;
					};
					68AFFB6F1BC591F800901C46 = {
						CreatedOnToolsVersion = 6.4;
						TestTargetID = 68AFFB5A1BC591F700901C46;
					};
				};
			};
			buildConfigurationList = 68AFFB561BC591F700901C46 /* Build configuration list for PBXProject "Get_Pizza" */;
			compatibilityVersion = "Xcode 3.2";
			developmentRegion = English;
			hasScannedForEncodings = 0;
			knownRegions = (
				en,
				Base,
			);
			mainGroup = 68AFFB521BC591F700901C46;
			productRefGroup = 68AFFB5C1BC591F700901C46 /* Products */;
			projectDirPath = "";
			projectRoot = "";
			targets = (
				68AFFB5A1BC591F700901C46 /* Get_Pizza */,
				68AFFB6F1BC591F800901C46 /* Get_PizzaTests */,
			);
		};
/* End PBXProject section */

/* Begin PBXResourcesBuildPhase section */
		68AFFB591BC591F700901C46 /* Resources */ = {
			isa = PBXResourcesBuildPhase;
			buildActionMask = 2147483647;
			files = (
				68A868121BC5E1030094E918 /* Main.storyboard in Resources */,
				68A868111BC5E1030094E918 /* LaunchScreen.xib in Resources */,
				68AFFB681BC591F700901C46 /* Images.xcassets in Resources */,
			);
			runOnlyForDeploymentPostprocessing = 0;
		};
		68AFFB6E1BC591F800901C46 /* Resources */ = {
			isa = PBXResourcesBuildPhase;
			buildActionMask = 2147483647;
			files = (
			);
			runOnlyForDeploymentPostprocessing = 0;
		};
/* End PBXResourcesBuildPhase section */

/* Begin PBXShellScriptBuildPhase section */
		1F58006641CE0083023378F4 /* Embed Pods Frameworks */ = {
			isa = PBXShellScriptBuildPhase;
			buildActionMask = 2147483647;
			files = (
			);
			inputPaths = (
			);
			name = "Embed Pods Frameworks";
			outputPaths = (
			);
			runOnlyForDeploymentPostprocessing = 0;
			shellPath = /bin/sh;
			shellScript = "\"${SRCROOT}/Pods/Target Support Files/Pods/Pods-frameworks.sh\"\n";
			showEnvVarsInLog = 0;
		};
		96DCED3B8420A17DB7B5ED3B /* Check Pods Manifest.lock */ = {
			isa = PBXShellScriptBuildPhase;
			buildActionMask = 2147483647;
			files = (
			);
			inputPaths = (
			);
			name = "Check Pods Manifest.lock";
			outputPaths = (
			);
			runOnlyForDeploymentPostprocessing = 0;
			shellPath = /bin/sh;
			shellScript = "diff \"${PODS_ROOT}/../Podfile.lock\" \"${PODS_ROOT}/Manifest.lock\" > /dev/null\nif [[ $? != 0 ]] ; then\n    cat << EOM\nerror: The sandbox is not in sync with the Podfile.lock. Run 'pod install' or update your CocoaPods installation.\nEOM\n    exit 1\nfi\n";
			showEnvVarsInLog = 0;
		};
		E4336AB4687C09A045C47ABC /* Copy Pods Resources */ = {
			isa = PBXShellScriptBuildPhase;
			buildActionMask = 2147483647;
			files = (
			);
			inputPaths = (
			);
			name = "Copy Pods Resources";
			outputPaths = (
			);
			runOnlyForDeploymentPostprocessing = 0;
			shellPath = /bin/sh;
			shellScript = "\"${SRCROOT}/Pods/Target Support Files/Pods/Pods-resources.sh\"\n";
			showEnvVarsInLog = 0;
		};
/* End PBXShellScriptBuildPhase section */

/* Begin PBXSourcesBuildPhase section */
		68AFFB571BC591F700901C46 /* Sources */ = {
			isa = PBXSourcesBuildPhase;
			buildActionMask = 2147483647;
			files = (
				6868350F1BC5DF7E005FBC96 /* HomeViewController.swift in Sources */,
				68609DEE1BC75367004ADF65 /* PayViewController.swift in Sources */,
				681838C51BC8619C0063910E /* SweetAlert.swift in Sources */,
				68FC269F1BC59BF00095361F /* CustomButtonOrView.swift in Sources */,
				68AFFB811BC592E200901C46 /* LoginViewController.swift in Sources */,
				68697B2E1BC5C0EE00DEA9C6 /* SignUpViewController.swift in Sources */,
				68609DEB1BC72B15004ADF65 /* HomeCell.swift in Sources */,
				68AFFB611BC591F700901C46 /* AppDelegate.swift in Sources */,
				6892A6A21BC762FE00C3FEC6 /* ZFRippleButton.swift in Sources */,
			);
			runOnlyForDeploymentPostprocessing = 0;
		};
		68AFFB6C1BC591F800901C46 /* Sources */ = {
			isa = PBXSourcesBuildPhase;
			buildActionMask = 2147483647;
			files = (
				68AFFB771BC591F800901C46 /* Get_PizzaTests.swift in Sources */,
			);
			runOnlyForDeploymentPostprocessing = 0;
		};
/* End PBXSourcesBuildPhase section */

/* Begin PBXTargetDependency section */
		68AFFB721BC591F800901C46 /* PBXTargetDependency */ = {
			isa = PBXTargetDependency;
			target = 68AFFB5A1BC591F700901C46 /* Get_Pizza */;
			targetProxy = 68AFFB711BC591F800901C46 /* PBXContainerItemProxy */;
		};
/* End PBXTargetDependency section */

/* Begin XCBuildConfiguration section */
		68AFFB781BC591F800901C46 /* Debug */ = {
			isa = XCBuildConfiguration;
			buildSettings = {
				ALWAYS_SEARCH_USER_PATHS = NO;
				CLANG_CXX_LANGUAGE_STANDARD = "gnu++0x";
				CLANG_CXX_LIBRARY = "libc++";
				CLANG_ENABLE_MODULES = YES;
				CLANG_ENABLE_OBJC_ARC = YES;
				CLANG_WARN_BOOL_CONVERSION = YES;
				CLANG_WARN_CONSTANT_CONVERSION = YES;
				CLANG_WARN_DIRECT_OBJC_ISA_USAGE = YES_ERROR;
				CLANG_WARN_EMPTY_BODY = YES;
				CLANG_WARN_ENUM_CONVERSION = YES;
				CLANG_WARN_INT_CONVERSION = YES;
				CLANG_WARN_OBJC_ROOT_CLASS = YES_ERROR;
				CLANG_WARN_UNREACHABLE_CODE = YES;
				CLANG_WARN__DUPLICATE_METHOD_MATCH = YES;
				"CODE_SIGN_IDENTITY[sdk=iphoneos*]" = "iPhone Developer";
				COPY_PHASE_STRIP = NO;
				DEBUG_INFORMATION_FORMAT = "dwarf-with-dsym";
				ENABLE_STRICT_OBJC_MSGSEND = YES;
				GCC_C_LANGUAGE_STANDARD = gnu99;
				GCC_DYNAMIC_NO_PIC = NO;
				GCC_NO_COMMON_BLOCKS = YES;
				GCC_OPTIMIZATION_LEVEL = 0;
				GCC_PREPROCESSOR_DEFINITIONS = (
					"DEBUG=1",
					"$(inherited)",
				);
				GCC_SYMBOLS_PRIVATE_EXTERN = NO;
				GCC_WARN_64_TO_32_BIT_CONVERSION = YES;
				GCC_WARN_ABOUT_RETURN_TYPE = YES_ERROR;
				GCC_WARN_UNDECLARED_SELECTOR = YES;
				GCC_WARN_UNINITIALIZED_AUTOS = YES_AGGRESSIVE;
				GCC_WARN_UNUSED_FUNCTION = YES;
				GCC_WARN_UNUSED_VARIABLE = YES;
				IPHONEOS_DEPLOYMENT_TARGET = 8.4;
				MTL_ENABLE_DEBUG_INFO = YES;
				ONLY_ACTIVE_ARCH = YES;
				SDKROOT = iphoneos;
				SWIFT_OPTIMIZATION_LEVEL = "-Onone";
			};
			name = Debug;
		};
		68AFFB791BC591F800901C46 /* Release */ = {
			isa = XCBuildConfiguration;
			buildSettings = {
				ALWAYS_SEARCH_USER_PATHS = NO;
				CLANG_CXX_LANGUAGE_STANDARD = "gnu++0x";
				CLANG_CXX_LIBRARY = "libc++";
				CLANG_ENABLE_MODULES = YES;
				CLANG_ENABLE_OBJC_ARC = YES;
				CLANG_WARN_BOOL_CONVERSION = YES;
				CLANG_WARN_CONSTANT_CONVERSION = YES;
				CLANG_WARN_DIRECT_OBJC_ISA_USAGE = YES_ERROR;
				CLANG_WARN_EMPTY_BODY = YES;
				CLANG_WARN_ENUM_CONVERSION = YES;
				CLANG_WARN_INT_CONVERSION = YES;
				CLANG_WARN_OBJC_ROOT_CLASS = YES_ERROR;
				CLANG_WARN_UNREACHABLE_CODE = YES;
				CLANG_WARN__DUPLICATE_METHOD_MATCH = YES;
				"CODE_SIGN_IDENTITY[sdk=iphoneos*]" = "iPhone Developer";
				COPY_PHASE_STRIP = NO;
				DEBUG_INFORMATION_FORMAT = "dwarf-with-dsym";
				ENABLE_NS_ASSERTIONS = NO;
				ENABLE_STRICT_OBJC_MSGSEND = YES;
				GCC_C_LANGUAGE_STANDARD = gnu99;
				GCC_NO_COMMON_BLOCKS = YES;
				GCC_WARN_64_TO_32_BIT_CONVERSION = YES;
				GCC_WARN_ABOUT_RETURN_TYPE = YES_ERROR;
				GCC_WARN_UNDECLARED_SELECTOR = YES;
				GCC_WARN_UNINITIALIZED_AUTOS = YES_AGGRESSIVE;
				GCC_WARN_UNUSED_FUNCTION = YES;
				GCC_WARN_UNUSED_VARIABLE = YES;
				IPHONEOS_DEPLOYMENT_TARGET = 8.4;
				MTL_ENABLE_DEBUG_INFO = NO;
				SDKROOT = iphoneos;
				VALIDATE_PRODUCT = YES;
			};
			name = Release;
		};
		68AFFB7B1BC591F800901C46 /* Debug */ = {
			isa = XCBuildConfiguration;
			baseConfigurationReference = 68000A5B157CA4AE4F9279AD /* Pods.debug.xcconfig */;
			buildSettings = {
				ASSETCATALOG_COMPILER_APPICON_NAME = AppIcon;
				INFOPLIST_FILE = Get_Pizza/Info.plist;
				LD_RUNPATH_SEARCH_PATHS = "$(inherited) @executable_path/Frameworks";
				PRODUCT_NAME = "$(TARGET_NAME)";
				SWIFT_OBJC_BRIDGING_HEADER = /Users/Jonathan_Green/Documents/Get_Pizza/Header.h;
			};
			name = Debug;
		};
		68AFFB7C1BC591F800901C46 /* Release */ = {
			isa = XCBuildConfiguration;
			baseConfigurationReference = F3C9101EF1F68A4ACB592A4F /* Pods.release.xcconfig */;
			buildSettings = {
				ASSETCATALOG_COMPILER_APPICON_NAME = AppIcon;
				INFOPLIST_FILE = Get_Pizza/Info.plist;
				LD_RUNPATH_SEARCH_PATHS = "$(inherited) @executable_path/Frameworks";
				PRODUCT_NAME = "$(TARGET_NAME)";
				SWIFT_OBJC_BRIDGING_HEADER = /Users/Jonathan_Green/Documents/Get_Pizza/Header.h;
			};
			name = Release;
		};
		68AFFB7E1BC591F800901C46 /* Debug */ = {
			isa = XCBuildConfiguration;
			buildSettings = {
				BUNDLE_LOADER = "$(TEST_HOST)";
				FRAMEWORK_SEARCH_PATHS = (
					"$(SDKROOT)/Developer/Library/Frameworks",
					"$(inherited)",
				);
				GCC_PREPROCESSOR_DEFINITIONS = (
					"DEBUG=1",
					"$(inherited)",
				);
				INFOPLIST_FILE = Get_PizzaTests/Info.plist;
				LD_RUNPATH_SEARCH_PATHS = "$(inherited) @executable_path/Frameworks @loader_path/Frameworks";
				PRODUCT_NAME = "$(TARGET_NAME)";
				TEST_HOST = "$(BUILT_PRODUCTS_DIR)/Get_Pizza.app/Get_Pizza";
			};
			name = Debug;
		};
		68AFFB7F1BC591F800901C46 /* Release */ = {
			isa = XCBuildConfiguration;
			buildSettings = {
				BUNDLE_LOADER = "$(TEST_HOST)";
				FRAMEWORK_SEARCH_PATHS = (
					"$(SDKROOT)/Developer/Library/Frameworks",
					"$(inherited)",
				);
				INFOPLIST_FILE = Get_PizzaTests/Info.plist;
				LD_RUNPATH_SEARCH_PATHS = "$(inherited) @executable_path/Frameworks @loader_path/Frameworks";
				PRODUCT_NAME = "$(TARGET_NAME)";
				TEST_HOST = "$(BUILT_PRODUCTS_DIR)/Get_Pizza.app/Get_Pizza";
			};
			name = Release;
		};
/* End XCBuildConfiguration section */

/* Begin XCConfigurationList section */
		68AFFB561BC591F700901C46 /* Build configuration list for PBXProject "Get_Pizza" */ = {
			isa = XCConfigurationList;
			buildConfigurations = (
				68AFFB781BC591F800901C46 /* Debug */,
				68AFFB791BC591F800901C46 /* Release */,
			);
			defaultConfigurationIsVisible = 0;
			defaultConfigurationName = Release;
		};
		68AFFB7A1BC591F800901C46 /* Build configuration list for PBXNativeTarget "Get_Pizza" */ = {
			isa = XCConfigurationList;
			buildConfigurations = (
				68AFFB7B1BC591F800901C46 /* Debug */,
				68AFFB7C1BC591F800901C46 /* Release */,
			);
			defaultConfigurationIsVisible = 0;
			defaultConfigurationName = Release;
		};
		68AFFB7D1BC591F800901C46 /* Build configuration list for PBXNativeTarget "Get_PizzaTests" */ = {
			isa = XCConfigurationList;
			buildConfigurations = (
				68AFFB7E1BC591F800901C46 /* Debug */,
				68AFFB7F1BC591F800901C46 /* Release */,
			);
			defaultConfigurationIsVisible = 0;
			defaultConfigurationName = Release;
		};
/* End XCConfigurationList section */
	};
	rootObject = 68AFFB531BC591F700901C46 /* Project object */;
}
